
Microsoft Visual Studio Solution File, Format Version 12.00
# Visual Studio Version 17
VisualStudioVersion = 17.6.33815.320
MinimumVisualStudioVersion = 10.0.40219.1
Project("{FAE04EC0-301F-11D3-BF4B-00C04F79EFBC}") = "AddressBookQuery", "AddressBookQuery.csproj", "{424AA05B-B368-46A0-B09F-3D286B5B4032}"
EndProject
Global
	GlobalSection(SolutionConfigurationPlatforms) = preSolution
		Debug|Any CPU = Debug|Any CPU
		Release|Any CPU = Release|Any CPU
	EndGlobalSection
	GlobalSection(ProjectConfigurationPlatforms) = postSolution
		{424AA05B-B368-46A0-B09F-3D286B5B4032}.Debug|Any CPU.ActiveCfg = Debug|Any CPU
		{424AA05B-B368-46A0-B09F-3D286B5B4032}.Debug|Any CPU.Build.0 = Debug|Any CPU
		{424AA05B-B368-46A0-B09F-3D286B5B4032}.Release|Any CPU.ActiveCfg = Release|Any CPU
		{424AA05B-B368-46A0-B09F-3D286B5B4032}.Release|Any CPU.Build.0 = Release|Any CPU
	EndGlobalSection
	GlobalSection(SolutionProperties) = preSolution
		HideSolutionNode = FALSE
	EndGlobalSection
	GlobalSection(ExtensibilityGlobals) = postSolution
		SolutionGuid = {B5288230-D2AA-4B02-B0ED-868ED9654412}
	EndGlobalSection
EndGlobal
